
Microsoft Visual Studio Solution File, Format Version 12.00
# Visual Studio Version 17
VisualStudioVersion = 17.6.33829.357
MinimumVisualStudioVersion = 10.0.40219.1
Project("{FAE04EC0-301F-11D3-BF4B-00C04F79EFBC}") = "Bingo", "Bingo\Bingo.csproj", "{E528AE19-0CD1-487E-A4E7-44D88DB55149}"
EndProject
Global
	GlobalSection(SolutionConfigurationPlatforms) = preSolution
		Debug|Any CPU = Debug|Any CPU
		Release|Any CPU = Release|Any CPU
	EndGlobalSection
	GlobalSection(ProjectConfigurationPlatforms) = postSolution
		{E528AE19-0CD1-487E-A4E7-44D88DB55149}.Debug|Any CPU.ActiveCfg = Debug|Any CPU
		{E528AE19-0CD1-487E-A4E7-44D88DB55149}.Debug|Any CPU.Build.0 = Debug|Any CPU
		{E528AE19-0CD1-487E-A4E7-44D88DB55149}.Release|Any CPU.ActiveCfg = Release|Any CPU
		{E528AE19-0CD1-487E-A4E7-44D88DB55149}.Release|Any CPU.Build.0 = Release|Any CPU
	EndGlobalSection
	GlobalSection(SolutionProperties) = preSolution
		HideSolutionNode = FALSE
	EndGlobalSection
	GlobalSection(ExtensibilityGlobals) = postSolution
		SolutionGuid = {D88A8EEB-0D5C-4305-9935-DA865F6A5E17}
	EndGlobalSection
EndGlobal
